
Microsoft Visual Studio Solution File, Format Version 12.00
# Visual Studio Version 17
VisualStudioVersion = 17.5.33414.496
MinimumVisualStudioVersion = 10.0.40219.1
Project("{FAE04EC0-301F-11D3-BF4B-00C04F79EFBC}") = "EmployeeWageProblem", "EmployeeWageProblem.csproj", "{12895689-8160-4E5E-8B75-1B9B03592DF7}"
EndProject
Global
	GlobalSection(SolutionConfigurationPlatforms) = preSolution
		Debug|Any CPU = Debug|Any CPU
		Release|Any CPU = Release|Any CPU
	EndGlobalSection
	GlobalSection(ProjectConfigurationPlatforms) = postSolution
		{12895689-8160-4E5E-8B75-1B9B03592DF7}.Debug|Any CPU.ActiveCfg = Debug|Any CPU
		{12895689-8160-4E5E-8B75-1B9B03592DF7}.Debug|Any CPU.Build.0 = Debug|Any CPU
		{12895689-8160-4E5E-8B75-1B9B03592DF7}.Release|Any CPU.ActiveCfg = Release|Any CPU
		{12895689-8160-4E5E-8B75-1B9B03592DF7}.Release|Any CPU.Build.0 = Release|Any CPU
	EndGlobalSection
	GlobalSection(SolutionProperties) = preSolution
		HideSolutionNode = FALSE
	EndGlobalSection
	GlobalSection(ExtensibilityGlobals) = postSolution
		SolutionGuid = {4B48A8FC-7C18-4F42-ABC2-9A4CDAB445B4}
	EndGlobalSection
EndGlobal
